
Microsoft Visual Studio Solution File, Format Version 12.00
# Visual Studio 15
VisualStudioVersion = 15.0.27703.2026
MinimumVisualStudioVersion = 10.0.40219.1
Project("{FAE04EC0-301F-11D3-BF4B-00C04F79EFBC}") = "WebApp", "WebApp\WebApp.csproj", "{5E015769-F89B-4F2C-BF3F-1F7D9E5C9CEF}"
EndProject
Global
	GlobalSection(SolutionConfigurationPlatforms) = preSolution
		Debug|Any CPU = Debug|Any CPU
		Release|Any CPU = Release|Any CPU
	EndGlobalSection
	GlobalSection(ProjectConfigurationPlatforms) = postSolution
		{5E015769-F89B-4F2C-BF3F-1F7D9E5C9CEF}.Debug|Any CPU.ActiveCfg = Debug|Any CPU
		{5E015769-F89B-4F2C-BF3F-1F7D9E5C9CEF}.Debug|Any CPU.Build.0 = Debug|Any CPU
		{5E015769-F89B-4F2C-BF3F-1F7D9E5C9CEF}.Release|Any CPU.ActiveCfg = Release|Any CPU
		{5E015769-F89B-4F2C-BF3F-1F7D9E5C9CEF}.Release|Any CPU.Build.0 = Release|Any CPU
	EndGlobalSection
	GlobalSection(SolutionProperties) = preSolution
		HideSolutionNode = FALSE
	EndGlobalSection
	GlobalSection(ExtensibilityGlobals) = postSolution
		SolutionGuid = {42E8D5E7-7F9C-4C69-897A-5C5DC853E963}
	EndGlobalSection
EndGlobal
